
Microsoft Visual Studio Solution File, Format Version 12.00
# Visual Studio 15
VisualStudioVersion = 15.0.28307.106
MinimumVisualStudioVersion = 10.0.40219.1
Project("{FAE04EC0-301F-11D3-BF4B-00C04F79EFBC}") = "HKMonitor", "HKMonitor.csproj", "{7ACC9A39-42BC-43C3-90BF-67EDBAD3BB0F}"
EndProject
Global
	GlobalSection(SolutionConfigurationPlatforms) = preSolution
		Debug|Any CPU = Debug|Any CPU
		Release|Any CPU = Release|Any CPU
	EndGlobalSection
	GlobalSection(ProjectConfigurationPlatforms) = postSolution
		{7ACC9A39-42BC-43C3-90BF-67EDBAD3BB0F}.Debug|Any CPU.ActiveCfg = Debug|Any CPU
		{7ACC9A39-42BC-43C3-90BF-67EDBAD3BB0F}.Debug|Any CPU.Build.0 = Debug|Any CPU
		{7ACC9A39-42BC-43C3-90BF-67EDBAD3BB0F}.Release|Any CPU.ActiveCfg = Release|Any CPU
		{7ACC9A39-42BC-43C3-90BF-67EDBAD3BB0F}.Release|Any CPU.Build.0 = Release|Any CPU
	EndGlobalSection
	GlobalSection(SolutionProperties) = preSolution
		HideSolutionNode = FALSE
	EndGlobalSection
	GlobalSection(ExtensibilityGlobals) = postSolution
		SolutionGuid = {E9B6E796-989A-4761-95A5-715D406ADD3E}
	EndGlobalSection
EndGlobal
